
Microsoft Visual Studio Solution File, Format Version 12.00
# Visual Studio Version 16
VisualStudioVersion = 16.0.30517.126
MinimumVisualStudioVersion = 10.0.40219.1
Project("{FAE04EC0-301F-11D3-BF4B-00C04F79EFBC}") = "Marbles", "Marbles.csproj", "{FA8B6949-13AF-453C-A5C2-DCB28F5F1E61}"
EndProject
Global
	GlobalSection(SolutionConfigurationPlatforms) = preSolution
		Debug|Any CPU = Debug|Any CPU
		Release|Any CPU = Release|Any CPU
	EndGlobalSection
	GlobalSection(ProjectConfigurationPlatforms) = postSolution
		{FA8B6949-13AF-453C-A5C2-DCB28F5F1E61}.Debug|Any CPU.ActiveCfg = Debug|Any CPU
		{FA8B6949-13AF-453C-A5C2-DCB28F5F1E61}.Debug|Any CPU.Build.0 = Debug|Any CPU
		{FA8B6949-13AF-453C-A5C2-DCB28F5F1E61}.Release|Any CPU.ActiveCfg = Release|Any CPU
		{FA8B6949-13AF-453C-A5C2-DCB28F5F1E61}.Release|Any CPU.Build.0 = Release|Any CPU
	EndGlobalSection
	GlobalSection(SolutionProperties) = preSolution
		HideSolutionNode = FALSE
	EndGlobalSection
	GlobalSection(ExtensibilityGlobals) = postSolution
		SolutionGuid = {D57CB481-D879-4B95-9D2F-998921B75293}
	EndGlobalSection
EndGlobal
